schema: '2.0'
stages:
  stage1:
    cmd: python3 stage_1.py
    deps:
    - path: stage_1.py
      md5: 857fb504360612276b5f01c6073bb16d
      size: 77
    outs:
    - path: artifacts01.txt
      md5: 5f50a46cd81a2da6f690d4a0ba9a91b8
      size: 9
  stage2:
    cmd: python3 stage_2.py
    deps:
    - path: artifacts01.txt
      md5: 5f50a46cd81a2da6f690d4a0ba9a91b8
      size: 9
    - path: stage_2.py
      md5: 3cf106b116a28bf57b8fea881b184b9d
      size: 94
  stage3:
    cmd: python3 stage_3.py
    deps:
    - path: artifacts01.txt
      md5: 5f50a46cd81a2da6f690d4a0ba9a91b8
      size: 9
    - path: stage_3.py
      md5: 6875495dce2ffa58d4c83a11e7123953
      size: 170
    outs:
    - path: artifacts02.txt
      md5: 509c7c10496555f3ab4d516da39af3a3
      size: 17
  load_data:
    cmd: python3 src/stage_01_load_save.py --config=config/config.yaml
    deps:
    - path: config/config.yaml
      md5: 663482e1788e277c0dfcce4655364de0
      size: 199
    - path: src/stage_01_load_save.py
      md5: 988ef9ee07a10d8ff6fab412fcd37d0f
      size: 1027
    - path: src/utils/all_utils.py
      md5: 8f337613effb49a4445905d3bd1749a8
      size: 390
    outs:
    - path: artifacts/raw_local_dir/data.csv
      md5: 7d814a1bda02145efe703f4e1c01847a
      size: 91999
